{
  "name": "ogplayer-web-demos",
  "version": "1.3.1",
  "lockfileVersion": 3,
  "requires": true,
  "packages": {
    "": {
      "name": "ogplayer-web-demos",
      "version": "1.3.1",
      "dependencies": {
        "ogplayer": "^1.3.1"
      }
    },
    "../ogplayer-web": {
      "name": "ogplayer",
      "version": "1.2.1",
      "extraneous": true,
      "license": "SEE LICENSE IN LICENSE.md",
      "dependencies": {
        "hls.js": "^1.7.3"
      },
      "devDependencies": {
        "esbuild": "^0.23.0",
        "playwright": "^1.62.1",
        "typedoc": "^0.28.20",
        "typescript": "^5.5.0"
      }
    },
    "node_modules/hls.js": {
      "version": "1.7.3",
      "resolved": "https://registry.npmjs.org/hls.js/-/hls.js-1.7.3.tgz",
      "integrity": "sha512-MsPlx6yVW4Qv4C7mEVou4/gk/5cN2dVxOTnrNjPSmyH2f0Ln+/UkG10Ax1PE6OvrmTVPKgQYozTtBaPOuCzq7A==",
      "license": "Apache-2.0"
    },
    "node_modules/ogplayer": {
      "version": "1.3.1",
      "resolved": "https://registry.npmjs.org/ogplayer/-/ogplayer-1.3.1.tgz",
      "integrity": "sha512-a2SHHo37UsYhIU5CK3wpO1dRv8T09uzgY7QwdT4WQfy6I1Rpf3VfQO9ouyWNv65Gwy9EgViGelxqo5qfKOMxTg==",
      "license": "SEE LICENSE IN LICENSE.md",
      "dependencies": {
        "hls.js": "^1.7.3"
      }
    }
  }
}
