{
  "name": "ogplayer-web-demos",
  "version": "0.1.0",
  "lockfileVersion": 3,
  "requires": true,
  "packages": {
    "": {
      "name": "ogplayer-web-demos",
      "version": "0.1.0",
      "dependencies": {
        "ogplayer": "^1.1.0"
      }
    },
    "node_modules/hls.js": {
      "version": "1.7.1",
      "resolved": "https://registry.npmjs.org/hls.js/-/hls.js-1.7.1.tgz",
      "integrity": "sha512-DlzIkeBAS9IIQ432k3BUf3HlwbsR0+trB1i2lDdN2gUkNkrehFurh0/48M5c1/EjlDkdGng1gwZIpwyPxvdZ/g==",
      "license": "Apache-2.0"
    },
    "node_modules/ogplayer": {
      "version": "1.1.1",
      "resolved": "https://registry.npmjs.org/ogplayer/-/ogplayer-1.1.1.tgz",
      "integrity": "sha512-vhs2+l2zUFHGhOqozpalNjoX/j8haruISwNnQxO/VhcfDO4VMvdxQiVvxsYSAMJBNOtmOf41GlwGckCEas02Cg==",
      "license": "SEE LICENSE IN LICENSE.md",
      "dependencies": {
        "hls.js": "^1.7.1"
      }
    }
  }
}
